PODS:
  - BadgeSwift (4.0.0)
  - BFPaperButton (2.1.1)
  - Bolts (1.8.4):
    - Bolts/AppLinks (= 1.8.4)
    - Bolts/Tasks (= 1.8.4)
  - Bolts/AppLinks (1.8.4):
    - Bolts/Tasks
  - Bolts/Tasks (1.8.4)
  - BSGridCollectionViewLayout (1.2.0)
  - FBSDKCoreKit (4.19.0):
    - Bolts (~> 1.7)
  - FBSDKLoginKit (4.19.0):
    - FBSDKCoreKit
  - Firebase/Auth (3.11.1):
    - Firebase/Core
    - FirebaseAuth (= 3.1.0)
  - Firebase/Core (3.11.1):
    - FirebaseAnalytics (= 3.6.0)
    - FirebaseCore (= 3.4.7)
  - Firebase/Database (3.11.1):
    - Firebase/Core
    - FirebaseDatabase (= 3.1.1)
  - Firebase/Messaging (3.11.1):
    - Firebase/Core
    - FirebaseMessaging (= 1.2.1)
  - Firebase/Storage (3.11.1):
    - Firebase/Core
    - FirebaseStorage (= 1.0.5)
  - FirebaseAnalytics (3.6.0):
    - FirebaseCore (~> 3.4)
    - FirebaseInstanceID (~> 1.0)
    - GoogleInterchangeUtilities (~> 1.2)
    - GoogleSymbolUtilities (~> 1.1)
    - GoogleToolboxForMac/NSData+zlib (~> 2.1)
  - FirebaseAuth (3.1.0):
    - FirebaseAnalytics (~> 3.6)
    - GoogleToolboxForMac/NSDictionary+URLArguments (~> 2.1)
    - GTMSessionFetcher/Core (~> 1.1)
  - FirebaseCore (3.4.7):
    - GoogleInterchangeUtilities (~> 1.2)
    - GoogleSymbolUtilities (~> 1.1)
    - GoogleToolboxForMac/NSData+zlib (~> 2.1)
  - FirebaseDatabase (3.1.1):
    - FirebaseAnalytics (~> 3.5)
  - FirebaseInstanceID (1.0.8)
  - FirebaseMessaging (1.2.1):
    - FirebaseAnalytics (~> 3.4)
    - FirebaseInstanceID (~> 1.0)
    - GoogleInterchangeUtilities (~> 1.2)
    - GoogleSymbolUtilities (~> 1.1)
    - GoogleToolboxForMac/Logger (~> 2.1)
  - FirebaseStorage (1.0.5):
    - FirebaseAnalytics (~> 3.5)
    - GTMSessionFetcher/Core (~> 1.1)
  - FXBlurView (1.6.4)
  - GoogleAppUtilities (1.1.2):
    - GoogleSymbolUtilities (~> 1.1)
  - GoogleInterchangeUtilities (1.2.2):
    - GoogleSymbolUtilities (~> 1.1)
  - GoogleSignIn (4.0.1):
    - GoogleAppUtilities (~> 1.1)
    - GoogleToolboxForMac/NSDictionary+URLArguments (~> 2.1)
    - GTMOAuth2 (~> 1.0)
    - GTMSessionFetcher/Core (~> 1.1)
  - GoogleSymbolUtilities (1.1.2)
  - GoogleToolboxForMac/DebugUtils (2.1.1):
    - GoogleToolboxForMac/Defines (= 2.1.1)
  - GoogleToolboxForMac/Defines (2.1.1)
  - GoogleToolboxForMac/Logger (2.1.1):
    - GoogleToolboxForMac/Defines (= 2.1.1)
  - GoogleToolboxForMac/NSData+zlib (2.1.1):
    - GoogleToolboxForMac/Defines (= 2.1.1)
  - GoogleToolboxForMac/NSDictionary+URLArguments (2.1.1):
    - GoogleToolboxForMac/DebugUtils (= 2.1.1)
    - GoogleToolboxForMac/Defines (= 2.1.1)
    - GoogleToolboxForMac/NSString+URLArguments (= 2.1.1)
  - GoogleToolboxForMac/NSString+URLArguments (2.1.1)
  - GrowingTextViewHandler-Swift (1.1)
  - GTMOAuth2 (1.1.4):
    - GTMSessionFetcher (~> 1.1)
  - GTMSessionFetcher (1.1.8):
    - GTMSessionFetcher/Full (= 1.1.8)
  - GTMSessionFetcher/Core (1.1.8)
  - GTMSessionFetcher/Full (1.1.8):
    - GTMSessionFetcher/Core (= 1.1.8)
  - IQKeyboardManagerSwift (4.0.8)
  - JDFPeekaboo (0.3.1)
  - JSBadgeView (1.4.1)
  - JSQMessagesViewController (7.3.4):
    - JSQSystemSoundPlayer (~> 2.0.1)
  - JSQSystemSoundPlayer (2.0.1)
  - LTMorphingLabel (0.4.0)
  - MJRefresh (3.1.12)
  - MMDrawerController (0.6.0):
    - MMDrawerController/Core (= 0.6.0)
    - MMDrawerController/MMDrawerBarButtonItem (= 0.6.0)
    - MMDrawerController/MMDrawerVisualStates (= 0.6.0)
    - MMDrawerController/Subclass (= 0.6.0)
  - MMDrawerController/Core (0.6.0)
  - MMDrawerController/MMDrawerBarButtonItem (0.6.0):
    - MMDrawerController/Core
  - MMDrawerController/MMDrawerVisualStates (0.6.0):
    - MMDrawerController/Core
  - MMDrawerController/Subclass (0.6.0):
    - MMDrawerController/Core
  - Networking (2.8.0)
  - NSString-Email (0.0.3)
  - PercentEncoder (1.1.0)
  - SCLAlertView (0.7.0)
  - ScratchCard (1.0.10)
  - SDAutoLayout (2.1.7)
  - SFFocusViewLayout (3.1.0)
  - SwiftSpinner (1.1.0)
  - SwiftString3 (1.0.11)
  - SwiftyJSON (3.1.4)
  - TagListView (1.1.0)
  - TextFieldEffects (1.3.0)
  - UIImage-Resize (1.0.1)
  - UIViewController+NavigationBar (0.3.3)

DEPENDENCIES:
  - BadgeSwift
  - BFPaperButton
  - BSGridCollectionViewLayout
  - FBSDKLoginKit
  - Firebase/Auth
  - Firebase/Core
  - Firebase/Database
  - Firebase/Messaging
  - Firebase/Storage
  - FXBlurView
  - GoogleSignIn
  - GrowingTextViewHandler-Swift
  - IQKeyboardManagerSwift
  - JDFPeekaboo
  - JSBadgeView
  - JSQMessagesViewController
  - LTMorphingLabel
  - MJRefresh
  - MMDrawerController
  - Networking
  - NSString-Email
  - PercentEncoder
  - SCLAlertView
  - ScratchCard
  - SDAutoLayout
  - SFFocusViewLayout
  - SwiftSpinner
  - SwiftString3
  - SwiftyJSON
  - TagListView
  - TextFieldEffects
  - UIImage-Resize
  - UIViewController+NavigationBar

SPEC CHECKSUMS:
  BadgeSwift: b291cf8ca88674d61cd781f14988272988f4dff4
  BFPaperButton: c76835e789669f64d600dc68934cc60fbb550bb9
  Bolts: 8a7995239dbe724f9cba2248b766d48b7ebdd322
  BSGridCollectionViewLayout: 8f12c8e1e08c47057f5a39a6828f4395f043d78f
  FBSDKCoreKit: 894b2b6eda6a4c8c4204e92e59cc355709ef045c
  FBSDKLoginKit: 83ca4d8f12a2022570af9fd6aacf27f6b425b99f
  Firebase: 53b2343db1ebfa3eb16bdb4318b8bb65360b2220
  FirebaseAnalytics: 9c67af0ebeb8d2146c9b4ea2616439affa947b58
  FirebaseAuth: b436e4ecebe068bf8e8c6e4e29de5756ffe7ee24
  FirebaseCore: 46afaf2c2e0419ea7d3acfb08cf26a461a75fe85
  FirebaseDatabase: 6de92187481ff0e8e124064f21742e95ee883b02
  FirebaseInstanceID: ba1e640935235e5fac39dfa816fe7660e72e1a8a
  FirebaseMessaging: acf66347e43c5637c697060c3001d25c809a4131
  FirebaseStorage: 5738284835edb57f0e81d4ae5832bb17c1e4b5fa
  FXBlurView: db786c2561cb49a09ae98407f52460096ab8a44f
  GoogleAppUtilities: a8a552aa74f6597f805e45b5a3962766c3134973
  GoogleInterchangeUtilities: d5bc4d88d5b661ab72f9d70c58d02ca8c27ad1f7
  GoogleSignIn: a8694c0a8e6d1b0ec77c58014de5bfd4ba2fa766
  GoogleSymbolUtilities: 631ee17048aa5e9ab133470d768ea997a5ef9b96
  GoogleToolboxForMac: 8e329f1b599f2512c6b10676d45736bcc2cbbeb0
  GrowingTextViewHandler-Swift: c5da012c47e2a6836355080f1432125881d4732c
  GTMOAuth2: 7fc9c10f5c745f4d9850419ea88889fe3baa6b7d
  GTMSessionFetcher: 6f8d8b28b7e345549ac471071608170b31cb4977
  IQKeyboardManagerSwift: c04bc9f68473823f825eb44d958fce98d921bead
  JDFPeekaboo: 0e088d302148fb2a04fc0efa77fe62bc5745ae17
  JSBadgeView: 3861ddee41094284d9468e6d0af5107f703aaac5
  JSQMessagesViewController: 39fed975e3c9f8eba7292071e29eeb541d105e66
  JSQSystemSoundPlayer: c5850e77a4363ffd374cd851154b9af93264ed8d
  LTMorphingLabel: d9a85f16ac306f0e07321d6819964deb2dc69638
  MJRefresh: b96cdb21c4aa75a7b07654311ab2f315c497e806
  MMDrawerController: e3a54a5570388463ad3b36975251575b50c4e1a0
  Networking: 9089f0eb8991ab0e2f8a76c1405f93eb720babda
  NSString-Email: 3c1ff0ace64d7ecc289ea2a5696170c853012252
  PercentEncoder: 7a001be188d62187761cb785156ac7e5c105688d
  SCLAlertView: 8a14ffc40590c619e183eed2298b854385f30be1
  ScratchCard: c2a0910ac4ffb4fcede67999c8ba2d04cb36ce57
  SDAutoLayout: e9b36d04b8c0b504762a04d76fbbe5108944297a
  SFFocusViewLayout: 8524435eb57796adf3e7be1395c4e3786cd76dcc
  SwiftSpinner: c03815614599b91eea46594bd52ba742849d0414
  SwiftString3: 1de59016efce9b4a9adb491995f74ef50d0aa920
  SwiftyJSON: c2842d878f95482ffceec5709abc3d05680c0220
  TagListView: d0267a71393f3c73db5c9ea2f979ac1125fcab56
  TextFieldEffects: ef594746f17997c813e07633f8ae5acaf9b04f27
  UIImage-Resize: fa776860f10e6900bbaf53a73e494bdceaaccc77
  UIViewController+NavigationBar: cbf1628fec501efe53e107c5402ee445bd20c5b7

PODFILE CHECKSUM: 1dc51c8bc43718930bb4905713ef55646c71da9c

COCOAPODS: 1.2.0
